
Microsoft Visual Studio Solution File, Format Version 12.00
# Visual Studio Version 17
VisualStudioVersion = 17.2.32630.192
MinimumVisualStudioVersion = 10.0.40219.1
Project("{FAE04EC0-301F-11D3-BF4B-00C04F79EFBC}") = "Cviceni1704", "Cviceni1704\Cviceni1704.csproj", "{5A5E2C36-3998-43EA-8232-5BF7B37F9702}"
EndProject
Global
	GlobalSection(SolutionConfigurationPlatforms) = preSolution
		Debug|Any CPU = Debug|Any CPU
		Release|Any CPU = Release|Any CPU
	EndGlobalSection
	GlobalSection(ProjectConfigurationPlatforms) = postSolution
		{5A5E2C36-3998-43EA-8232-5BF7B37F9702}.Debug|Any CPU.ActiveCfg = Debug|Any CPU
		{5A5E2C36-3998-43EA-8232-5BF7B37F9702}.Debug|Any CPU.Build.0 = Debug|Any CPU
		{5A5E2C36-3998-43EA-8232-5BF7B37F9702}.Release|Any CPU.ActiveCfg = Release|Any CPU
		{5A5E2C36-3998-43EA-8232-5BF7B37F9702}.Release|Any CPU.Build.0 = Release|Any CPU
	EndGlobalSection
	GlobalSection(SolutionProperties) = preSolution
		HideSolutionNode = FALSE
	EndGlobalSection
	GlobalSection(ExtensibilityGlobals) = postSolution
		SolutionGuid = {0E8CB78B-76EE-4E66-BE92-E8EA639413FC}
	EndGlobalSection
EndGlobal
